
Microsoft Visual Studio Solution File, Format Version 12.00
# Visual Studio Version 16
VisualStudioVersion = 16.0.31624.102
MinimumVisualStudioVersion = 10.0.40219.1
Project("{9A19103F-16F7-4668-BE54-9A1E7A4F7556}") = "Entities", "Entities\Entities.csproj", "{1EA409F1-A43E-4E1B-A005-2BEECF78DBDA}"
EndProject
Project("{9A19103F-16F7-4668-BE54-9A1E7A4F7556}") = "DataAccess", "DataAccess\DataAccess.csproj", "{4C858221-578C-43FD-901D-A0633CB1EE45}"
EndProject
Project("{9A19103F-16F7-4668-BE54-9A1E7A4F7556}") = "Business", "Business\Business.csproj", "{D92CB9A4-2CCA-415B-9208-65773304A5FC}"
EndProject
Project("{9A19103F-16F7-4668-BE54-9A1E7A4F7556}") = "Core", "Core\Core.csproj", "{4A3FB8F7-FCEF-4EBA-8EC9-8CD96086774C}"
EndProject
Project("{9A19103F-16F7-4668-BE54-9A1E7A4F7556}") = "ConsoleUI", "ConsoleUI\ConsoleUI.csproj", "{60D2D061-F67D-40D4-995E-63353A0E89F1}"
EndProject
Project("{FAE04EC0-301F-11D3-BF4B-00C04F79EFBC}") = "WebAPI", "WebAPI\WebAPI.csproj", "{02C1A2C8-0547-41A0-A898-B23F01D8910E}"
EndProject
Global
	GlobalSection(SolutionConfigurationPlatforms) = preSolution
		Debug|Any CPU = Debug|Any CPU
		Release|Any CPU = Release|Any CPU
	EndGlobalSection
	GlobalSection(ProjectConfigurationPlatforms) = postSolution
		{1EA409F1-A43E-4E1B-A005-2BEECF78DBDA}.Debug|Any CPU.ActiveCfg = Debug|Any CPU
		{1EA409F1-A43E-4E1B-A005-2BEECF78DBDA}.Debug|Any CPU.Build.0 = Debug|Any CPU
		{1EA409F1-A43E-4E1B-A005-2BEECF78DBDA}.Release|Any CPU.ActiveCfg = Release|Any CPU
		{1EA409F1-A43E-4E1B-A005-2BEECF78DBDA}.Release|Any CPU.Build.0 = Release|Any CPU
		{4C858221-578C-43FD-901D-A0633CB1EE45}.Debug|Any CPU.ActiveCfg = Debug|Any CPU
		{4C858221-578C-43FD-901D-A0633CB1EE45}.Debug|Any CPU.Build.0 = Debug|Any CPU
		{4C858221-578C-43FD-901D-A0633CB1EE45}.Release|Any CPU.ActiveCfg = Release|Any CPU
		{4C858221-578C-43FD-901D-A0633CB1EE45}.Release|Any CPU.Build.0 = Release|Any CPU
		{D92CB9A4-2CCA-415B-9208-65773304A5FC}.Debug|Any CPU.ActiveCfg = Debug|Any CPU
		{D92CB9A4-2CCA-415B-9208-65773304A5FC}.Debug|Any CPU.Build.0 = Debug|Any CPU
		{D92CB9A4-2CCA-415B-9208-65773304A5FC}.Release|Any CPU.ActiveCfg = Release|Any CPU
		{D92CB9A4-2CCA-415B-9208-65773304A5FC}.Release|Any CPU.Build.0 = Release|Any CPU
		{4A3FB8F7-FCEF-4EBA-8EC9-8CD96086774C}.Debug|Any CPU.ActiveCfg = Debug|Any CPU
		{4A3FB8F7-FCEF-4EBA-8EC9-8CD96086774C}.Debug|Any CPU.Build.0 = Debug|Any CPU
		{4A3FB8F7-FCEF-4EBA-8EC9-8CD96086774C}.Release|Any CPU.ActiveCfg = Release|Any CPU
		{4A3FB8F7-FCEF-4EBA-8EC9-8CD96086774C}.Release|Any CPU.Build.0 = Release|Any CPU
		{60D2D061-F67D-40D4-995E-63353A0E89F1}.Debug|Any CPU.ActiveCfg = Debug|Any CPU
		{60D2D061-F67D-40D4-995E-63353A0E89F1}.Debug|Any CPU.Build.0 = Debug|Any CPU
		{60D2D061-F67D-40D4-995E-63353A0E89F1}.Release|Any CPU.ActiveCfg = Release|Any CPU
		{60D2D061-F67D-40D4-995E-63353A0E89F1}.Release|Any CPU.Build.0 = Release|Any CPU
		{02C1A2C8-0547-41A0-A898-B23F01D8910E}.Debug|Any CPU.ActiveCfg = Debug|Any CPU
		{02C1A2C8-0547-41A0-A898-B23F01D8910E}.Debug|Any CPU.Build.0 = Debug|Any CPU
		{02C1A2C8-0547-41A0-A898-B23F01D8910E}.Release|Any CPU.ActiveCfg = Release|Any CPU
		{02C1A2C8-0547-41A0-A898-B23F01D8910E}.Release|Any CPU.Build.0 = Release|Any CPU
	EndGlobalSection
	GlobalSection(SolutionProperties) = preSolution
		HideSolutionNode = FALSE
	EndGlobalSection
	GlobalSection(ExtensibilityGlobals) = postSolution
		SolutionGuid = {2064C269-4262-48FA-87F3-8C09AE2B1662}
	EndGlobalSection
EndGlobal
